
Microsoft Visual Studio Solution File, Format Version 12.00
# Visual Studio Version 17
VisualStudioVersion = 17.7.34009.444
MinimumVisualStudioVersion = 10.0.40219.1
Project("{54A90642-561A-4BB1-A94E-469ADEE60C69}") = "reactapp", "reactapp\reactapp.esproj", "{AC90619C-41CC-427D-B46B-01B50190CFC5}"
EndProject
Project("{9A19103F-16F7-4668-BE54-9A1E7A4F7556}") = "webapi", "webapi\webapi.csproj", "{D5A55D97-F478-4796-A218-713382BC8073}"
EndProject
Project("{FAE04EC0-301F-11D3-BF4B-00C04F79EFBC}") = "WeatherApp.Domain", "..\WeatherApp.Domain\WeatherApp.Domain.csproj", "{062E46BE-9BCD-48FB-8A41-3FB1A728EE0A}"
EndProject
Project("{FAE04EC0-301F-11D3-BF4B-00C04F79EFBC}") = "WeatherApp.Application", "..\WeatherApp.Application\WeatherApp.Application.csproj", "{9BB22F5D-6416-4EE5-8110-B43C6955F621}"
EndProject
Project("{FAE04EC0-301F-11D3-BF4B-00C04F79EFBC}") = "WeatherApp.Infrastructure", "..\WeatherApp.Infrastructure\WeatherApp.Infrastructure.csproj", "{6A554446-D6D7-456C-9E03-5914F288E781}"
EndProject
Global
	GlobalSection(SolutionConfigurationPlatforms) = preSolution
		Debug|Any CPU = Debug|Any CPU
		Release|Any CPU = Release|Any CPU
	EndGlobalSection
	GlobalSection(ProjectConfigurationPlatforms) = postSolution
		{AC90619C-41CC-427D-B46B-01B50190CFC5}.Debug|Any CPU.ActiveCfg = Debug|Any CPU
		{AC90619C-41CC-427D-B46B-01B50190CFC5}.Debug|Any CPU.Build.0 = Debug|Any CPU
		{AC90619C-41CC-427D-B46B-01B50190CFC5}.Debug|Any CPU.Deploy.0 = Debug|Any CPU
		{AC90619C-41CC-427D-B46B-01B50190CFC5}.Release|Any CPU.ActiveCfg = Release|Any CPU
		{AC90619C-41CC-427D-B46B-01B50190CFC5}.Release|Any CPU.Build.0 = Release|Any CPU
		{AC90619C-41CC-427D-B46B-01B50190CFC5}.Release|Any CPU.Deploy.0 = Release|Any CPU
		{D5A55D97-F478-4796-A218-713382BC8073}.Debug|Any CPU.ActiveCfg = Debug|Any CPU
		{D5A55D97-F478-4796-A218-713382BC8073}.Debug|Any CPU.Build.0 = Debug|Any CPU
		{D5A55D97-F478-4796-A218-713382BC8073}.Release|Any CPU.ActiveCfg = Release|Any CPU
		{D5A55D97-F478-4796-A218-713382BC8073}.Release|Any CPU.Build.0 = Release|Any CPU
		{062E46BE-9BCD-48FB-8A41-3FB1A728EE0A}.Debug|Any CPU.ActiveCfg = Debug|Any CPU
		{062E46BE-9BCD-48FB-8A41-3FB1A728EE0A}.Debug|Any CPU.Build.0 = Debug|Any CPU
		{062E46BE-9BCD-48FB-8A41-3FB1A728EE0A}.Release|Any CPU.ActiveCfg = Release|Any CPU
		{062E46BE-9BCD-48FB-8A41-3FB1A728EE0A}.Release|Any CPU.Build.0 = Release|Any CPU
		{9BB22F5D-6416-4EE5-8110-B43C6955F621}.Debug|Any CPU.ActiveCfg = Debug|Any CPU
		{9BB22F5D-6416-4EE5-8110-B43C6955F621}.Debug|Any CPU.Build.0 = Debug|Any CPU
		{9BB22F5D-6416-4EE5-8110-B43C6955F621}.Release|Any CPU.ActiveCfg = Release|Any CPU
		{9BB22F5D-6416-4EE5-8110-B43C6955F621}.Release|Any CPU.Build.0 = Release|Any CPU
		{6A554446-D6D7-456C-9E03-5914F288E781}.Debug|Any CPU.ActiveCfg = Debug|Any CPU
		{6A554446-D6D7-456C-9E03-5914F288E781}.Debug|Any CPU.Build.0 = Debug|Any CPU
		{6A554446-D6D7-456C-9E03-5914F288E781}.Release|Any CPU.ActiveCfg = Release|Any CPU
		{6A554446-D6D7-456C-9E03-5914F288E781}.Release|Any CPU.Build.0 = Release|Any CPU
	EndGlobalSection
	GlobalSection(SolutionProperties) = preSolution
		HideSolutionNode = FALSE
	EndGlobalSection
	GlobalSection(ExtensibilityGlobals) = postSolution
		SolutionGuid = {F188D81B-F10D-4601-BA7C-905BB11FA058}
	EndGlobalSection
EndGlobal
